
Microsoft Visual Studio Solution File, Format Version 11.00
# Visual Basic Express 2010
Project("{F184B08F-C81C-45F6-A57F-5ABD9991F28F}") = "ConexionBD", "ConexionBD\ConexionBD.vbproj", "{B9EECB4E-EFA5-4F9E-A8C9-FD511D20CABD}"
EndProject
Global
	GlobalSection(SolutionConfigurationPlatforms) = preSolution
		Debug|x86 = Debug|x86
		Release|x86 = Release|x86
	EndGlobalSection
	GlobalSection(ProjectConfigurationPlatforms) = postSolution
		{B9EECB4E-EFA5-4F9E-A8C9-FD511D20CABD}.Debug|x86.ActiveCfg = Debug|x86
		{B9EECB4E-EFA5-4F9E-A8C9-FD511D20CABD}.Debug|x86.Build.0 = Debug|x86
		{B9EECB4E-EFA5-4F9E-A8C9-FD511D20CABD}.Release|x86.ActiveCfg = Release|x86
		{B9EECB4E-EFA5-4F9E-A8C9-FD511D20CABD}.Release|x86.Build.0 = Release|x86
	EndGlobalSection
	GlobalSection(SolutionProperties) = preSolution
		HideSolutionNode = FALSE
	EndGlobalSection
EndGlobal
